// !$*UTF8*$!
{
	archiveVersion = 1;
	classes = {
	};
	objectVersion = 56;
	objects = {

/* Begin PBXBuildFile section */
		730BF6D82A190A6D0055495B /* FeedCellModel.swift in Sources */ = {isa = PBXBuildFile; fileRef = 730BF6D72A190A6D0055495B /* FeedCellModel.swift */; };
		731203612A181B67005FB582 /* FeedViewController.swift in Sources */ = {isa = PBXBuildFile; fileRef = 731203602A181B66005FB582 /* FeedViewController.swift */; };
		731318A92A16CBDE00E12C86 /* AppDelegate.swift in Sources */ = {isa = PBXBuildFile; fileRef = 731318A82A16CBDE00E12C86 /* AppDelegate.swift */; };
		731318AB2A16CBDE00E12C86 /* SceneDelegate.swift in Sources */ = {isa = PBXBuildFile; fileRef = 731318AA2A16CBDE00E12C86 /* SceneDelegate.swift */; };
		731318AD2A16CBDE00E12C86 /* SignViewController.swift in Sources */ = {isa = PBXBuildFile; fileRef = 731318AC2A16CBDE00E12C86 /* SignViewController.swift */; };
		731318B02A16CBDE00E12C86 /* Main.storyboard in Resources */ = {isa = PBXBuildFile; fileRef = 731318AE2A16CBDE00E12C86 /* Main.storyboard */; };
		731318B22A16CBE100E12C86 /* Assets.xcassets in Resources */ = {isa = PBXBuildFile; fileRef = 731318B12A16CBE100E12C86 /* Assets.xcassets */; };
		731318B52A16CBE100E12C86 /* LaunchScreen.storyboard in Resources */ = {isa = PBXBuildFile; fileRef = 731318B32A16CBE100E12C86 /* LaunchScreen.storyboard */; };
		731318C02A16CBE100E12C86 /* InstamigosTests.swift in Sources */ = {isa = PBXBuildFile; fileRef = 731318BF2A16CBE100E12C86 /* InstamigosTests.swift */; };
		731318CA2A16CBE100E12C86 /* InstamigosUITests.swift in Sources */ = {isa = PBXBuildFile; fileRef = 731318C92A16CBE100E12C86 /* InstamigosUITests.swift */; };
		731318CC2A16CBE100E12C86 /* InstamigosUITestsLaunchTests.swift in Sources */ = {isa = PBXBuildFile; fileRef = 731318CB2A16CBE100E12C86 /* InstamigosUITestsLaunchTests.swift */; };
		7340299B2A1903EA00D96DA4 /* FeedTableViewCell.swift in Sources */ = {isa = PBXBuildFile; fileRef = 7340299A2A1903EA00D96DA4 /* FeedTableViewCell.swift */; };
		7348B2232A179F6400F3341F /* MainCoordinator.swift in Sources */ = {isa = PBXBuildFile; fileRef = 7348B2222A179F6400F3341F /* MainCoordinator.swift */; };
		7348B2252A17AA4600F3341F /* SignViewModel.swift in Sources */ = {isa = PBXBuildFile; fileRef = 7348B2242A17AA4600F3341F /* SignViewModel.swift */; };
		7348B2272A17ADB400F3341F /* CreateUserRequest.swift in Sources */ = {isa = PBXBuildFile; fileRef = 7348B2262A17ADB400F3341F /* CreateUserRequest.swift */; };
		7348B2292A17AF2A00F3341F /* MainRepository.swift in Sources */ = {isa = PBXBuildFile; fileRef = 7348B2282A17AF2900F3341F /* MainRepository.swift */; };
		7348B22B2A17AFEF00F3341F /* Network.swift in Sources */ = {isa = PBXBuildFile; fileRef = 7348B22A2A17AFEF00F3341F /* Network.swift */; };
/* End PBXBuildFile section */

/* Begin PBXContainerItemProxy section */
		731318BC2A16CBE100E12C86 /* PBXContainerItemProxy */ = {
			isa = PBXContainerItemProxy;
			containerPortal = 7313189D2A16CBDE00E12C86 /* Project object */;
			proxyType = 1;
			remoteGlobalIDString = 731318A42A16CBDE00E12C86;
			remoteInfo = Instamigos;
		};
		731318C62A16CBE100E12C86 /* PBXContainerItemProxy */ = {
			isa = PBXContainerItemProxy;
			containerPortal = 7313189D2A16CBDE00E12C86 /* Project object */;
			proxyType = 1;
			remoteGlobalIDString = 731318A42A16CBDE00E12C86;
			remoteInfo = Instamigos;
		};
/* End PBXContainerItemProxy section */

/* Begin PBXFileReference section */
		730BF6D72A190A6D0055495B /* FeedCellModel.swift */ = {isa = PBXFileReference; lastKnownFileType = sourcecode.swift; path = FeedCellModel.swift; sourceTree = "<group>"; };
		731203602A181B66005FB582 /* FeedViewController.swift */ = {isa = PBXFileReference; lastKnownFileType = sourcecode.swift; path = FeedViewController.swift; sourceTree = "<group>"; };
		731318A52A16CBDE00E12C86 /* Instamigos.app */ = {isa = PBXFileReference; explicitFileType = wrapper.application; includeInIndex = 0; path = Instamigos.app; sourceTree = BUILT_PRODUCTS_DIR; };
		731318A82A16CBDE00E12C86 /* AppDelegate.swift */ = {isa = PBXFileReference; lastKnownFileType = sourcecode.swift; path = AppDelegate.swift; sourceTree = "<group>"; };
		731318AA2A16CBDE00E12C86 /* SceneDelegate.swift */ = {isa = PBXFileReference; lastKnownFileType = sourcecode.swift; path = SceneDelegate.swift; sourceTree = "<group>"; };
		731318AC2A16CBDE00E12C86 /* SignViewController.swift */ = {isa = PBXFileReference; lastKnownFileType = sourcecode.swift; path = SignViewController.swift; sourceTree = "<group>"; };
		731318AF2A16CBDE00E12C86 /* Base */ = {isa = PBXFileReference; lastKnownFileType = file.storyboard; name = Base; path = Base.lproj/Main.storyboard; sourceTree = "<group>"; };
		731318B12A16CBE100E12C86 /* Assets.xcassets */ = {isa = PBXFileReference; lastKnownFileType = folder.assetcatalog; path = Assets.xcassets; sourceTree = "<group>"; };
		731318B42A16CBE100E12C86 /* Base */ = {isa = PBXFileReference; lastKnownFileType = file.storyboard; name = Base; path = Base.lproj/LaunchScreen.storyboard; sourceTree = "<group>"; };
		731318B62A16CBE100E12C86 /* Info.plist */ = {isa = PBXFileReference; lastKnownFileType = text.plist.xml; path = Info.plist; sourceTree = "<group>"; };
		731318BB2A16CBE100E12C86 /* InstamigosTests.xctest */ = {isa = PBXFileReference; explicitFileType = wrapper.cfbundle; includeInIndex = 0; path = InstamigosTests.xctest; sourceTree = BUILT_PRODUCTS_DIR; };
		731318BF2A16CBE100E12C86 /* InstamigosTests.swift */ = {isa = PBXFileReference; lastKnownFileType = sourcecode.swift; path = InstamigosTests.swift; sourceTree = "<group>"; };
		731318C52A16CBE100E12C86 /* InstamigosUITests.xctest */ = {isa = PBXFileReference; explicitFileType = wrapper.cfbundle; includeInIndex = 0; path = InstamigosUITests.xctest; sourceTree = BUILT_PRODUCTS_DIR; };
		731318C92A16CBE100E12C86 /* InstamigosUITests.swift */ = {isa = PBXFileReference; lastKnownFileType = sourcecode.swift; path = InstamigosUITests.swift; sourceTree = "<group>"; };
		731318CB2A16CBE100E12C86 /* InstamigosUITestsLaunchTests.swift */ = {isa = PBXFileReference; lastKnownFileType = sourcecode.swift; path = InstamigosUITestsLaunchTests.swift; sourceTree = "<group>"; };
		7340299A2A1903EA00D96DA4 /* FeedTableViewCell.swift */ = {isa = PBXFileReference; lastKnownFileType = sourcecode.swift; path = FeedTableViewCell.swift; sourceTree = "<group>"; };
		7348B2222A179F6400F3341F /* MainCoordinator.swift */ = {isa = PBXFileReference; lastKnownFileType = sourcecode.swift; path = MainCoordinator.swift; sourceTree = "<group>"; };
		7348B2242A17AA4600F3341F /* SignViewModel.swift */ = {isa = PBXFileReference; lastKnownFileType = sourcecode.swift; path = SignViewModel.swift; sourceTree = "<group>"; };
		7348B2262A17ADB400F3341F /* CreateUserRequest.swift */ = {isa = PBXFileReference; lastKnownFileType = sourcecode.swift; path = CreateUserRequest.swift; sourceTree = "<group>"; };
		7348B2282A17AF2900F3341F /* MainRepository.swift */ = {isa = PBXFileReference; lastKnownFileType = sourcecode.swift; path = MainRepository.swift; sourceTree = "<group>"; };
		7348B22A2A17AFEF00F3341F /* Network.swift */ = {isa = PBXFileReference; lastKnownFileType = sourcecode.swift; path = Network.swift; sourceTree = "<group>"; };
/* End PBXFileReference section */

/* Begin PBXFrameworksBuildPhase section */
		731318A22A16CBDE00E12C86 /* Frameworks */ = {
			isa = PBXFrameworksBuildPhase;
			buildActionMask = 2147483647;
			files = (
			);
			runOnlyForDeploymentPostprocessing = 0;
		};
		731318B82A16CBE100E12C86 /* Frameworks */ = {
			isa = PBXFrameworksBuildPhase;
			buildActionMask = 2147483647;
			files = (
			);
			runOnlyForDeploymentPostprocessing = 0;
		};
		731318C22A16CBE100E12C86 /* Frameworks */ = {
			isa = PBXFrameworksBuildPhase;
			buildActionMask = 2147483647;
			files = (
			);
			runOnlyForDeploymentPostprocessing = 0;
		};
/* End PBXFrameworksBuildPhase section */

/* Begin PBXGroup section */
		730BF6D62A190A520055495B /* Model */ = {
			isa = PBXGroup;
			children = (
				730BF6D72A190A6D0055495B /* FeedCellModel.swift */,
			);
			path = Model;
			sourceTree = "<group>";
		};
		731203622A181BB4005FB582 /* Controller */ = {
			isa = PBXGroup;
			children = (
				731203602A181B66005FB582 /* FeedViewController.swift */,
			);
			path = Controller;
			sourceTree = "<group>";
		};
		731203632A181C15005FB582 /* Feed */ = {
			isa = PBXGroup;
			children = (
				730BF6D62A190A520055495B /* Model */,
				7340299C2A19041600D96DA4 /* View */,
				731203622A181BB4005FB582 /* Controller */,
			);
			path = Feed;
			sourceTree = "<group>";
		};
		731203642A181C41005FB582 /* Controller */ = {
			isa = PBXGroup;
			children = (
				731318AC2A16CBDE00E12C86 /* SignViewController.swift */,
			);
			path = Controller;
			sourceTree = "<group>";
		};
		731203652A181C49005FB582 /* Sign */ = {
			isa = PBXGroup;
			children = (
				7312036A2A181D42005FB582 /* Model */,
				731203662A181CA6005FB582 /* ViewModel */,
				731203642A181C41005FB582 /* Controller */,
			);
			path = Sign;
			sourceTree = "<group>";
		};
		731203662A181CA6005FB582 /* ViewModel */ = {
			isa = PBXGroup;
			children = (
				7348B2242A17AA4600F3341F /* SignViewModel.swift */,
			);
			path = ViewModel;
			sourceTree = "<group>";
		};
		731203672A181CF0005FB582 /* Coordinator */ = {
			isa = PBXGroup;
			children = (
				7348B2222A179F6400F3341F /* MainCoordinator.swift */,
			);
			path = Coordinator;
			sourceTree = "<group>";
		};
		731203682A181D0A005FB582 /* Network */ = {
			isa = PBXGroup;
			children = (
				7348B22A2A17AFEF00F3341F /* Network.swift */,
			);
			path = Network;
			sourceTree = "<group>";
		};
		731203692A181D18005FB582 /* Repository */ = {
			isa = PBXGroup;
			children = (
				7348B2282A17AF2900F3341F /* MainRepository.swift */,
			);
			path = Repository;
			sourceTree = "<group>";
		};
		7312036A2A181D42005FB582 /* Model */ = {
			isa = PBXGroup;
			children = (
				7348B2262A17ADB400F3341F /* CreateUserRequest.swift */,
			);
			path = Model;
			sourceTree = "<group>";
		};
		7313189C2A16CBDE00E12C86 = {
			isa = PBXGroup;
			children = (
				731318A72A16CBDE00E12C86 /* Instamigos */,
				731318BE2A16CBE100E12C86 /* InstamigosTests */,
				731318C82A16CBE100E12C86 /* InstamigosUITests */,
				731318A62A16CBDE00E12C86 /* Products */,
			);
			sourceTree = "<group>";
		};
		731318A62A16CBDE00E12C86 /* Products */ = {
			isa = PBXGroup;
			children = (
				731318A52A16CBDE00E12C86 /* Instamigos.app */,
				731318BB2A16CBE100E12C86 /* InstamigosTests.xctest */,
				731318C52A16CBE100E12C86 /* InstamigosUITests.xctest */,
			);
			name = Products;
			sourceTree = "<group>";
		};
		731318A72A16CBDE00E12C86 /* Instamigos */ = {
			isa = PBXGroup;
			children = (
				731318A82A16CBDE00E12C86 /* AppDelegate.swift */,
				731318AA2A16CBDE00E12C86 /* SceneDelegate.swift */,
				731203652A181C49005FB582 /* Sign */,
				731203632A181C15005FB582 /* Feed */,
				731203672A181CF0005FB582 /* Coordinator */,
				731203692A181D18005FB582 /* Repository */,
				731203682A181D0A005FB582 /* Network */,
				731318AE2A16CBDE00E12C86 /* Main.storyboard */,
				731318B12A16CBE100E12C86 /* Assets.xcassets */,
				731318B32A16CBE100E12C86 /* LaunchScreen.storyboard */,
				731318B62A16CBE100E12C86 /* Info.plist */,
			);
			path = Instamigos;
			sourceTree = "<group>";
		};
		731318BE2A16CBE100E12C86 /* InstamigosTests */ = {
			isa = PBXGroup;
			children = (
				731318BF2A16CBE100E12C86 /* InstamigosTests.swift */,
			);
			path = InstamigosTests;
			sourceTree = "<group>";
		};
		731318C82A16CBE100E12C86 /* InstamigosUITests */ = {
			isa = PBXGroup;
			children = (
				731318C92A16CBE100E12C86 /* InstamigosUITests.swift */,
				731318CB2A16CBE100E12C86 /* InstamigosUITestsLaunchTests.swift */,
			);
			path = InstamigosUITests;
			sourceTree = "<group>";
		};
		7340299C2A19041600D96DA4 /* View */ = {
			isa = PBXGroup;
			children = (
				7340299A2A1903EA00D96DA4 /* FeedTableViewCell.swift */,
			);
			path = View;
			sourceTree = "<group>";
		};
/* End PBXGroup section */

/* Begin PBXNativeTarget section */
		731318A42A16CBDE00E12C86 /* Instamigos */ = {
			isa = PBXNativeTarget;
			buildConfigurationList = 731318CF2A16CBE200E12C86 /* Build configuration list for PBXNativeTarget "Instamigos" */;
			buildPhases = (
				731318A12A16CBDE00E12C86 /* Sources */,
				731318A22A16CBDE00E12C86 /* Frameworks */,
				731318A32A16CBDE00E12C86 /* Resources */,
			);
			buildRules = (
			);
			dependencies = (
			);
			name = Instamigos;
			productName = Instamigos;
			productReference = 731318A52A16CBDE00E12C86 /* Instamigos.app */;
			productType = "com.apple.product-type.application";
		};
		731318BA2A16CBE100E12C86 /* InstamigosTests */ = {
			isa = PBXNativeTarget;
			buildConfigurationList = 731318D22A16CBE200E12C86 /* Build configuration list for PBXNativeTarget "InstamigosTests" */;
			buildPhases = (
				731318B72A16CBE100E12C86 /* Sources */,
				731318B82A16CBE100E12C86 /* Frameworks */,
				731318B92A16CBE100E12C86 /* Resources */,
			);
			buildRules = (
			);
			dependencies = (
				731318BD2A16CBE100E12C86 /* PBXTargetDependency */,
			);
			name = InstamigosTests;
			productName = InstamigosTests;
			productReference = 731318BB2A16CBE100E12C86 /* InstamigosTests.xctest */;
			productType = "com.apple.product-type.bundle.unit-test";
		};
		731318C42A16CBE100E12C86 /* InstamigosUITests */ = {
			isa = PBXNativeTarget;
			buildConfigurationList = 731318D52A16CBE200E12C86 /* Build configuration list for PBXNativeTarget "InstamigosUITests" */;
			buildPhases = (
				731318C12A16CBE100E12C86 /* Sources */,
				731318C22A16CBE100E12C86 /* Frameworks */,
				731318C32A16CBE100E12C86 /* Resources */,
			);
			buildRules = (
			);
			dependencies = (
				731318C72A16CBE100E12C86 /* PBXTargetDependency */,
			);
			name = InstamigosUITests;
			productName = InstamigosUITests;
			productReference = 731318C52A16CBE100E12C86 /* InstamigosUITests.xctest */;
			productType = "com.apple.product-type.bundle.ui-testing";
		};
/* End PBXNativeTarget section */

/* Begin PBXProject section */
		7313189D2A16CBDE00E12C86 /* Project object */ = {
			isa = PBXProject;
			attributes = {
				BuildIndependentTargetsInParallel = 1;
				LastSwiftUpdateCheck = 1420;
				LastUpgradeCheck = 1420;
				TargetAttributes = {
					731318A42A16CBDE00E12C86 = {
						CreatedOnToolsVersion = 14.2;
					};
					731318BA2A16CBE100E12C86 = {
						CreatedOnToolsVersion = 14.2;
						TestTargetID = 731318A42A16CBDE00E12C86;
					};
					731318C42A16CBE100E12C86 = {
						CreatedOnToolsVersion = 14.2;
						TestTargetID = 731318A42A16CBDE00E12C86;
					};
				};
			};
			buildConfigurationList = 731318A02A16CBDE00E12C86 /* Build configuration list for PBXProject "Instamigos" */;
			compatibilityVersion = "Xcode 14.0";
			developmentRegion = en;
			hasScannedForEncodings = 0;
			knownRegions = (
				en,
				Base,
			);
			mainGroup = 7313189C2A16CBDE00E12C86;
			productRefGroup = 731318A62A16CBDE00E12C86 /* Products */;
			projectDirPath = "";
			projectRoot = "";
			targets = (
				731318A42A16CBDE00E12C86 /* Instamigos */,
				731318BA2A16CBE100E12C86 /* InstamigosTests */,
				731318C42A16CBE100E12C86 /* InstamigosUITests */,
			);
		};
/* End PBXProject section */

/* Begin PBXResourcesBuildPhase section */
		731318A32A16CBDE00E12C86 /* Resources */ = {
			isa = PBXResourcesBuildPhase;
			buildActionMask = 2147483647;
			files = (
				731318B52A16CBE100E12C86 /* LaunchScreen.storyboard in Resources */,
				731318B22A16CBE100E12C86 /* Assets.xcassets in Resources */,
				731318B02A16CBDE00E12C86 /* Main.storyboard in Resources */,
			);
			runOnlyForDeploymentPostprocessing = 0;
		};
		731318B92A16CBE100E12C86 /* Resources */ = {
			isa = PBXResourcesBuildPhase;
			buildActionMask = 2147483647;
			files = (
			);
			runOnlyForDeploymentPostprocessing = 0;
		};
		731318C32A16CBE100E12C86 /* Resources */ = {
			isa = PBXResourcesBuildPhase;
			buildActionMask = 2147483647;
			files = (
			);
			runOnlyForDeploymentPostprocessing = 0;
		};
/* End PBXResourcesBuildPhase section */

/* Begin PBXSourcesBuildPhase section */
		731318A12A16CBDE00E12C86 /* Sources */ = {
			isa = PBXSourcesBuildPhase;
			buildActionMask = 2147483647;
			files = (
				7348B2292A17AF2A00F3341F /* MainRepository.swift in Sources */,
				731203612A181B67005FB582 /* FeedViewController.swift in Sources */,
				7348B2252A17AA4600F3341F /* SignViewModel.swift in Sources */,
				7348B22B2A17AFEF00F3341F /* Network.swift in Sources */,
				731318AD2A16CBDE00E12C86 /* SignViewController.swift in Sources */,
				7348B2272A17ADB400F3341F /* CreateUserRequest.swift in Sources */,
				7348B2232A179F6400F3341F /* MainCoordinator.swift in Sources */,
				730BF6D82A190A6D0055495B /* FeedCellModel.swift in Sources */,
				731318A92A16CBDE00E12C86 /* AppDelegate.swift in Sources */,
				731318AB2A16CBDE00E12C86 /* SceneDelegate.swift in Sources */,
				7340299B2A1903EA00D96DA4 /* FeedTableViewCell.swift in Sources */,
			);
			runOnlyForDeploymentPostprocessing = 0;
		};
		731318B72A16CBE100E12C86 /* Sources */ = {
			isa = PBXSourcesBuildPhase;
			buildActionMask = 2147483647;
			files = (
				731318C02A16CBE100E12C86 /* InstamigosTests.swift in Sources */,
			);
			runOnlyForDeploymentPostprocessing = 0;
		};
		731318C12A16CBE100E12C86 /* Sources */ = {
			isa = PBXSourcesBuildPhase;
			buildActionMask = 2147483647;
			files = (
				731318CC2A16CBE100E12C86 /* InstamigosUITestsLaunchTests.swift in Sources */,
				731318CA2A16CBE100E12C86 /* InstamigosUITests.swift in Sources */,
			);
			runOnlyForDeploymentPostprocessing = 0;
		};
/* End PBXSourcesBuildPhase section */

/* Begin PBXTargetDependency section */
		731318BD2A16CBE100E12C86 /* PBXTargetDependency */ = {
			isa = PBXTargetDependency;
			target = 731318A42A16CBDE00E12C86 /* Instamigos */;
			targetProxy = 731318BC2A16CBE100E12C86 /* PBXContainerItemProxy */;
		};
		731318C72A16CBE100E12C86 /* PBXTargetDependency */ = {
			isa = PBXTargetDependency;
			target = 731318A42A16CBDE00E12C86 /* Instamigos */;
			targetProxy = 731318C62A16CBE100E12C86 /* PBXContainerItemProxy */;
		};
/* End PBXTargetDependency section */

/* Begin PBXVariantGroup section */
		731318AE2A16CBDE00E12C86 /* Main.storyboard */ = {
			isa = PBXVariantGroup;
			children = (
				731318AF2A16CBDE00E12C86 /* Base */,
			);
			name = Main.storyboard;
			sourceTree = "<group>";
		};
		731318B32A16CBE100E12C86 /* LaunchScreen.storyboard */ = {
			isa = PBXVariantGroup;
			children = (
				731318B42A16CBE100E12C86 /* Base */,
			);
			name = LaunchScreen.storyboard;
			sourceTree = "<group>";
		};
/* End PBXVariantGroup section */

/* Begin XCBuildConfiguration section */
		731318CD2A16CBE200E12C86 /* Debug */ = {
			isa = XCBuildConfiguration;
			buildSettings = {
				ALWAYS_SEARCH_USER_PATHS = NO;
				CLANG_ANALYZER_NONNULL = YES;
				CLANG_ANALYZER_NUMBER_OBJECT_CONVERSION = YES_AGGRESSIVE;
				CLANG_CXX_LANGUAGE_STANDARD = "gnu++20";
				CLANG_ENABLE_MODULES = YES;
				CLANG_ENABLE_OBJC_ARC = YES;
				CLANG_ENABLE_OBJC_WEAK = YES;
				CLANG_WARN_BLOCK_CAPTURE_AUTORELEASING = YES;
				CLANG_WARN_BOOL_CONVERSION = YES;
				CLANG_WARN_COMMA = YES;
				CLANG_WARN_CONSTANT_CONVERSION = YES;
				CLANG_WARN_DEPRECATED_OBJC_IMPLEMENTATIONS = YES;
				CLANG_WARN_DIRECT_OBJC_ISA_USAGE = YES_ERROR;
				CLANG_WARN_DOCUMENTATION_COMMENTS = YES;
				CLANG_WARN_EMPTY_BODY = YES;
				CLANG_WARN_ENUM_CONVERSION = YES;
				CLANG_WARN_INFINITE_RECURSION = YES;
				CLANG_WARN_INT_CONVERSION = YES;
				CLANG_WARN_NON_LITERAL_NULL_CONVERSION = YES;
				CLANG_WARN_OBJC_IMPLICIT_RETAIN_SELF = YES;
				CLANG_WARN_OBJC_LITERAL_CONVERSION = YES;
				CLANG_WARN_OBJC_ROOT_CLASS = YES_ERROR;
				CLANG_WARN_QUOTED_INCLUDE_IN_FRAMEWORK_HEADER = YES;
				CLANG_WARN_RANGE_LOOP_ANALYSIS = YES;
				CLANG_WARN_STRICT_PROTOTYPES = YES;
				CLANG_WARN_SUSPICIOUS_MOVE = YES;
				CLANG_WARN_UNGUARDED_AVAILABILITY = YES_AGGRESSIVE;
				CLANG_WARN_UNREACHABLE_CODE = YES;
				CLANG_WARN__DUPLICATE_METHOD_MATCH = YES;
				COPY_PHASE_STRIP = NO;
				DEBUG_INFORMATION_FORMAT = dwarf;
				ENABLE_STRICT_OBJC_MSGSEND = YES;
				ENABLE_TESTABILITY = YES;
				GCC_C_LANGUAGE_STANDARD = gnu11;
				GCC_DYNAMIC_NO_PIC = NO;
				GCC_NO_COMMON_BLOCKS = YES;
				GCC_OPTIMIZATION_LEVEL = 0;
				GCC_PREPROCESSOR_DEFINITIONS = (
					"DEBUG=1",
					"$(inherited)",
				);
				GCC_WARN_64_TO_32_BIT_CONVERSION = YES;
				GCC_WARN_ABOUT_RETURN_TYPE = YES_ERROR;
				GCC_WARN_UNDECLARED_SELECTOR = YES;
				GCC_WARN_UNINITIALIZED_AUTOS = YES_AGGRESSIVE;
				GCC_WARN_UNUSED_FUNCTION = YES;
				GCC_WARN_UNUSED_VARIABLE = YES;
				IPHONEOS_DEPLOYMENT_TARGET = 16.2;
				MTL_ENABLE_DEBUG_INFO = INCLUDE_SOURCE;
				MTL_FAST_MATH = YES;
				ONLY_ACTIVE_ARCH = YES;
				SDKROOT = iphoneos;
				SWIFT_ACTIVE_COMPILATION_CONDITIONS = DEBUG;
				SWIFT_OPTIMIZATION_LEVEL = "-Onone";
			};
			name = Debug;
		};
		731318CE2A16CBE200E12C86 /* Release */ = {
			isa = XCBuildConfiguration;
			buildSettings = {
				ALWAYS_SEARCH_USER_PATHS = NO;
				CLANG_ANALYZER_NONNULL = YES;
				CLANG_ANALYZER_NUMBER_OBJECT_CONVERSION = YES_AGGRESSIVE;
				CLANG_CXX_LANGUAGE_STANDARD = "gnu++20";
				CLANG_ENABLE_MODULES = YES;
				CLANG_ENABLE_OBJC_ARC = YES;
				CLANG_ENABLE_OBJC_WEAK = YES;
				CLANG_WARN_BLOCK_CAPTURE_AUTORELEASING = YES;
				CLANG_WARN_BOOL_CONVERSION = YES;
				CLANG_WARN_COMMA = YES;
				CLANG_WARN_CONSTANT_CONVERSION = YES;
				CLANG_WARN_DEPRECATED_OBJC_IMPLEMENTATIONS = YES;
				CLANG_WARN_DIRECT_OBJC_ISA_USAGE = YES_ERROR;
				CLANG_WARN_DOCUMENTATION_COMMENTS = YES;
				CLANG_WARN_EMPTY_BODY = YES;
				CLANG_WARN_ENUM_CONVERSION = YES;
				CLANG_WARN_INFINITE_RECURSION = YES;
				CLANG_WARN_INT_CONVERSION = YES;
				CLANG_WARN_NON_LITERAL_NULL_CONVERSION = YES;
				CLANG_WARN_OBJC_IMPLICIT_RETAIN_SELF = YES;
				CLANG_WARN_OBJC_LITERAL_CONVERSION = YES;
				CLANG_WARN_OBJC_ROOT_CLASS = YES_ERROR;
				CLANG_WARN_QUOTED_INCLUDE_IN_FRAMEWORK_HEADER = YES;
				CLANG_WARN_RANGE_LOOP_ANALYSIS = YES;
				CLANG_WARN_STRICT_PROTOTYPES = YES;
				CLANG_WARN_SUSPICIOUS_MOVE = YES;
				CLANG_WARN_UNGUARDED_AVAILABILITY = YES_AGGRESSIVE;
				CLANG_WARN_UNREACHABLE_CODE = YES;
				CLANG_WARN__DUPLICATE_METHOD_MATCH = YES;
				COPY_PHASE_STRIP = NO;
				DEBUG_INFORMATION_FORMAT = "dwarf-with-dsym";
				ENABLE_NS_ASSERTIONS = NO;
				ENABLE_STRICT_OBJC_MSGSEND = YES;
				GCC_C_LANGUAGE_STANDARD = gnu11;
				GCC_NO_COMMON_BLOCKS = YES;
				GCC_WARN_64_TO_32_BIT_CONVERSION = YES;
				GCC_WARN_ABOUT_RETURN_TYPE = YES_ERROR;
				GCC_WARN_UNDECLARED_SELECTOR = YES;
				GCC_WARN_UNINITIALIZED_AUTOS = YES_AGGRESSIVE;
				GCC_WARN_UNUSED_FUNCTION = YES;
				GCC_WARN_UNUSED_VARIABLE = YES;
				IPHONEOS_DEPLOYMENT_TARGET = 16.2;
				MTL_ENABLE_DEBUG_INFO = NO;
				MTL_FAST_MATH = YES;
				SDKROOT = iphoneos;
				SWIFT_COMPILATION_MODE = wholemodule;
				SWIFT_OPTIMIZATION_LEVEL = "-O";
				VALIDATE_PRODUCT = YES;
			};
			name = Release;
		};
		731318D02A16CBE200E12C86 /* Debug */ = {
			isa = XCBuildConfiguration;
			buildSettings = {
				ASSETCATALOG_COMPILER_APPICON_NAME = AppIcon;
				ASSETCATALOG_COMPILER_GLOBAL_ACCENT_COLOR_NAME = AccentColor;
				CODE_SIGN_STYLE = Automatic;
				CURRENT_PROJECT_VERSION = 1;
				DEVELOPMENT_TEAM = 566CT6QDNS;
				GENERATE_INFOPLIST_FILE = YES;
				INFOPLIST_FILE = Instamigos/Info.plist;
				INFOPLIST_KEY_UIApplicationSupportsIndirectInputEvents = YES;
				INFOPLIST_KEY_UILaunchStoryboardName = LaunchScreen;
				INFOPLIST_KEY_UIMainStoryboardFile = Main;
				INFOPLIST_KEY_UISupportedInterfaceOrientations_iPad = "UIInterfaceOrientationPortrait UIInterfaceOrientationPortraitUpsideDown UIInterfaceOrientationLandscapeLeft UIInterfaceOrientationLandscapeRight";
				INFOPLIST_KEY_UISupportedInterfaceOrientations_iPhone = "UIInterfaceOrientationPortrait UIInterfaceOrientationLandscapeLeft UIInterfaceOrientationLandscapeRight";
				LD_RUNPATH_SEARCH_PATHS = (
					"$(inherited)",
					"@executable_path/Frameworks",
				);
				MARKETING_VERSION = 1.0;
				PRODUCT_BUNDLE_IDENTIFIER = br.com.caren.sousa.Instamigos;
				PRODUCT_NAME = "$(TARGET_NAME)";
				SWIFT_EMIT_LOC_STRINGS = YES;
				SWIFT_VERSION = 5.0;
				TARGETED_DEVICE_FAMILY = "1,2";
			};
			name = Debug;
		};
		731318D12A16CBE200E12C86 /* Release */ = {
			isa = XCBuildConfiguration;
			buildSettings = {
				ASSETCATALOG_COMPILER_APPICON_NAME = AppIcon;
				ASSETCATALOG_COMPILER_GLOBAL_ACCENT_COLOR_NAME = AccentColor;
				CODE_SIGN_STYLE = Automatic;
				CURRENT_PROJECT_VERSION = 1;
				DEVELOPMENT_TEAM = 566CT6QDNS;
				GENERATE_INFOPLIST_FILE = YES;
				INFOPLIST_FILE = Instamigos/Info.plist;
				INFOPLIST_KEY_UIApplicationSupportsIndirectInputEvents = YES;
				INFOPLIST_KEY_UILaunchStoryboardName = LaunchScreen;
				INFOPLIST_KEY_UIMainStoryboardFile = Main;
				INFOPLIST_KEY_UISupportedInterfaceOrientations_iPad = "UIInterfaceOrientationPortrait UIInterfaceOrientationPortraitUpsideDown UIInterfaceOrientationLandscapeLeft UIInterfaceOrientationLandscapeRight";
				INFOPLIST_KEY_UISupportedInterfaceOrientations_iPhone = "UIInterfaceOrientationPortrait UIInterfaceOrientationLandscapeLeft UIInterfaceOrientationLandscapeRight";
				LD_RUNPATH_SEARCH_PATHS = (
					"$(inherited)",
					"@executable_path/Frameworks",
				);
				MARKETING_VERSION = 1.0;
				PRODUCT_BUNDLE_IDENTIFIER = br.com.caren.sousa.Instamigos;
				PRODUCT_NAME = "$(TARGET_NAME)";
				SWIFT_EMIT_LOC_STRINGS = YES;
				SWIFT_VERSION = 5.0;
				TARGETED_DEVICE_FAMILY = "1,2";
			};
			name = Release;
		};
		731318D32A16CBE200E12C86 /* Debug */ = {
			isa = XCBuildConfiguration;
			buildSettings = {
				ALWAYS_EMBED_SWIFT_STANDARD_LIBRARIES = YES;
				BUNDLE_LOADER = "$(TEST_HOST)";
				CODE_SIGN_STYLE = Automatic;
				CURRENT_PROJECT_VERSION = 1;
				DEVELOPMENT_TEAM = 566CT6QDNS;
				GENERATE_INFOPLIST_FILE = YES;
				IPHONEOS_DEPLOYMENT_TARGET = 16.2;
				MARKETING_VERSION = 1.0;
				PRODUCT_BUNDLE_IDENTIFIER = br.com.caren.sousa.InstamigosTests;
				PRODUCT_NAME = "$(TARGET_NAME)";
				SWIFT_EMIT_LOC_STRINGS = NO;
				SWIFT_VERSION = 5.0;
				TARGETED_DEVICE_FAMILY = "1,2";
				TEST_HOST = "$(BUILT_PRODUCTS_DIR)/Instamigos.app/$(BUNDLE_EXECUTABLE_FOLDER_PATH)/Instamigos";
			};
			name = Debug;
		};
		731318D42A16CBE200E12C86 /* Release */ = {
			isa = XCBuildConfiguration;
			buildSettings = {
				ALWAYS_EMBED_SWIFT_STANDARD_LIBRARIES = YES;
				BUNDLE_LOADER = "$(TEST_HOST)";
				CODE_SIGN_STYLE = Automatic;
				CURRENT_PROJECT_VERSION = 1;
				DEVELOPMENT_TEAM = 566CT6QDNS;
				GENERATE_INFOPLIST_FILE = YES;
				IPHONEOS_DEPLOYMENT_TARGET = 16.2;
				MARKETING_VERSION = 1.0;
				PRODUCT_BUNDLE_IDENTIFIER = br.com.caren.sousa.InstamigosTests;
				PRODUCT_NAME = "$(TARGET_NAME)";
				SWIFT_EMIT_LOC_STRINGS = NO;
				SWIFT_VERSION = 5.0;
				TARGETED_DEVICE_FAMILY = "1,2";
				TEST_HOST = "$(BUILT_PRODUCTS_DIR)/Instamigos.app/$(BUNDLE_EXECUTABLE_FOLDER_PATH)/Instamigos";
			};
			name = Release;
		};
		731318D62A16CBE200E12C86 /* Debug */ = {
			isa = XCBuildConfiguration;
			buildSettings = {
				ALWAYS_EMBED_SWIFT_STANDARD_LIBRARIES = YES;
				CODE_SIGN_STYLE = Automatic;
				CURRENT_PROJECT_VERSION = 1;
				DEVELOPMENT_TEAM = 566CT6QDNS;
				GENERATE_INFOPLIST_FILE = YES;
				MARKETING_VERSION = 1.0;
				PRODUCT_BUNDLE_IDENTIFIER = br.com.caren.sousa.InstamigosUITests;
				PRODUCT_NAME = "$(TARGET_NAME)";
				SWIFT_EMIT_LOC_STRINGS = NO;
				SWIFT_VERSION = 5.0;
				TARGETED_DEVICE_FAMILY = "1,2";
				TEST_TARGET_NAME = Instamigos;
			};
			name = Debug;
		};
		731318D72A16CBE200E12C86 /* Release */ = {
			isa = XCBuildConfiguration;
			buildSettings = {
				ALWAYS_EMBED_SWIFT_STANDARD_LIBRARIES = YES;
				CODE_SIGN_STYLE = Automatic;
				CURRENT_PROJECT_VERSION = 1;
				DEVELOPMENT_TEAM = 566CT6QDNS;
				GENERATE_INFOPLIST_FILE = YES;
				MARKETING_VERSION = 1.0;
				PRODUCT_BUNDLE_IDENTIFIER = br.com.caren.sousa.InstamigosUITests;
				PRODUCT_NAME = "$(TARGET_NAME)";
				SWIFT_EMIT_LOC_STRINGS = NO;
				SWIFT_VERSION = 5.0;
				TARGETED_DEVICE_FAMILY = "1,2";
				TEST_TARGET_NAME = Instamigos;
			};
			name = Release;
		};
/* End XCBuildConfiguration section */

/* Begin XCConfigurationList section */
		731318A02A16CBDE00E12C86 /* Build configuration list for PBXProject "Instamigos" */ = {
			isa = XCConfigurationList;
			buildConfigurations = (
				731318CD2A16CBE200E12C86 /* Debug */,
				731318CE2A16CBE200E12C86 /* Release */,
			);
			defaultConfigurationIsVisible = 0;
			defaultConfigurationName = Release;
		};
		731318CF2A16CBE200E12C86 /* Build configuration list for PBXNativeTarget "Instamigos" */ = {
			isa = XCConfigurationList;
			buildConfigurations = (
				731318D02A16CBE200E12C86 /* Debug */,
				731318D12A16CBE200E12C86 /* Release */,
			);
			defaultConfigurationIsVisible = 0;
			defaultConfigurationName = Release;
		};
		731318D22A16CBE200E12C86 /* Build configuration list for PBXNativeTarget "InstamigosTests" */ = {
			isa = XCConfigurationList;
			buildConfigurations = (
				731318D32A16CBE200E12C86 /* Debug */,
				731318D42A16CBE200E12C86 /* Release */,
			);
			defaultConfigurationIsVisible = 0;
			defaultConfigurationName = Release;
		};
		731318D52A16CBE200E12C86 /* Build configuration list for PBXNativeTarget "InstamigosUITests" */ = {
			isa = XCConfigurationList;
			buildConfigurations = (
				731318D62A16CBE200E12C86 /* Debug */,
				731318D72A16CBE200E12C86 /* Release */,
			);
			defaultConfigurationIsVisible = 0;
			defaultConfigurationName = Release;
		};
/* End XCConfigurationList section */
	};
	rootObject = 7313189D2A16CBDE00E12C86 /* Project object */;
}
